
Microsoft Visual Studio Solution File, Format Version 12.00
# Visual Studio Version 16
VisualStudioVersion = 16.0.31624.102
MinimumVisualStudioVersion = 10.0.40219.1
Project("{9A19103F-16F7-4668-BE54-9A1E7A4F7556}") = "KeyOverlay", "KeyOverlay.csproj", "{E455C794-C693-4FB1-8CE7-46E6B6BB8D2A}"
EndProject
Global
	GlobalSection(SolutionConfigurationPlatforms) = preSolution
		Debug|Any CPU = Debug|Any CPU
		Release|Any CPU = Release|Any CPU
	EndGlobalSection
	GlobalSection(ProjectConfigurationPlatforms) = postSolution
		{E455C794-C693-4FB1-8CE7-46E6B6BB8D2A}.Debug|Any CPU.ActiveCfg = Debug|Any CPU
		{E455C794-C693-4FB1-8CE7-46E6B6BB8D2A}.Debug|Any CPU.Build.0 = Debug|Any CPU
		{E455C794-C693-4FB1-8CE7-46E6B6BB8D2A}.Release|Any CPU.ActiveCfg = Release|Any CPU
		{E455C794-C693-4FB1-8CE7-46E6B6BB8D2A}.Release|Any CPU.Build.0 = Release|Any CPU
	EndGlobalSection
	GlobalSection(SolutionProperties) = preSolution
		HideSolutionNode = FALSE
	EndGlobalSection
	GlobalSection(ExtensibilityGlobals) = postSolution
		SolutionGuid = {B9682951-3232-4CCB-88B2-83C4066D0206}
	EndGlobalSection
EndGlobal
